
Microsoft Visual Studio Solution File, Format Version 12.00
# Visual Studio Version 17
VisualStudioVersion = 17.9.34728.123
MinimumVisualStudioVersion = 10.0.40219.1
Project("{FAE04EC0-301F-11D3-BF4B-00C04F79EFBC}") = "Task 12", "Task 12\Task 12.csproj", "{9B232E4B-BB41-4223-8B3A-99B154014595}"
EndProject
Global
	GlobalSection(SolutionConfigurationPlatforms) = preSolution
		Debug|Any CPU = Debug|Any CPU
		Release|Any CPU = Release|Any CPU
	EndGlobalSection
	GlobalSection(ProjectConfigurationPlatforms) = postSolution
		{9B232E4B-BB41-4223-8B3A-99B154014595}.Debug|Any CPU.ActiveCfg = Debug|Any CPU
		{9B232E4B-BB41-4223-8B3A-99B154014595}.Debug|Any CPU.Build.0 = Debug|Any CPU
		{9B232E4B-BB41-4223-8B3A-99B154014595}.Release|Any CPU.ActiveCfg = Release|Any CPU
		{9B232E4B-BB41-4223-8B3A-99B154014595}.Release|Any CPU.Build.0 = Release|Any CPU
	EndGlobalSection
	GlobalSection(SolutionProperties) = preSolution
		HideSolutionNode = FALSE
	EndGlobalSection
	GlobalSection(ExtensibilityGlobals) = postSolution
		SolutionGuid = {92303869-7222-4679-9D71-3CBA73642EC8}
	EndGlobalSection
EndGlobal
