
Microsoft Visual Studio Solution File, Format Version 12.00
# Visual Studio Version 17
VisualStudioVersion = 17.9.34728.123
MinimumVisualStudioVersion = 10.0.40219.1
Project("{FAE04EC0-301F-11D3-BF4B-00C04F79EFBC}") = "Task 9", "Task 9\Task 9.csproj", "{EE43C56E-5FA3-4CA1-8E35-9B821A96FBAB}"
EndProject
Global
	GlobalSection(SolutionConfigurationPlatforms) = preSolution
		Debug|Any CPU = Debug|Any CPU
		Release|Any CPU = Release|Any CPU
	EndGlobalSection
	GlobalSection(ProjectConfigurationPlatforms) = postSolution
		{EE43C56E-5FA3-4CA1-8E35-9B821A96FBAB}.Debug|Any CPU.ActiveCfg = Debug|Any CPU
		{EE43C56E-5FA3-4CA1-8E35-9B821A96FBAB}.Debug|Any CPU.Build.0 = Debug|Any CPU
		{EE43C56E-5FA3-4CA1-8E35-9B821A96FBAB}.Release|Any CPU.ActiveCfg = Release|Any CPU
		{EE43C56E-5FA3-4CA1-8E35-9B821A96FBAB}.Release|Any CPU.Build.0 = Release|Any CPU
	EndGlobalSection
	GlobalSection(SolutionProperties) = preSolution
		HideSolutionNode = FALSE
	EndGlobalSection
	GlobalSection(ExtensibilityGlobals) = postSolution
		SolutionGuid = {B84F86AF-4581-4E8C-BA16-F7EB6999786B}
	EndGlobalSection
EndGlobal
